
Microsoft Visual Studio Solution File, Format Version 12.00
# Visual Studio 15
VisualStudioVersion = 15.0.28307.960
MinimumVisualStudioVersion = 10.0.40219.1
Project("{FAE04EC0-301F-11D3-BF4B-00C04F79EFBC}") = "PerEvApi", "PerEvApi\PerEvApi.csproj", "{27F0D8F8-EA32-4C53-9C23-9D8692FF980A}"
EndProject
Global
	GlobalSection(SolutionConfigurationPlatforms) = preSolution
		Debug|Any CPU = Debug|Any CPU
		Release|Any CPU = Release|Any CPU
	EndGlobalSection
	GlobalSection(ProjectConfigurationPlatforms) = postSolution
		{27F0D8F8-EA32-4C53-9C23-9D8692FF980A}.Debug|Any CPU.ActiveCfg = Debug|Any CPU
		{27F0D8F8-EA32-4C53-9C23-9D8692FF980A}.Debug|Any CPU.Build.0 = Debug|Any CPU
		{27F0D8F8-EA32-4C53-9C23-9D8692FF980A}.Release|Any CPU.ActiveCfg = Release|Any CPU
		{27F0D8F8-EA32-4C53-9C23-9D8692FF980A}.Release|Any CPU.Build.0 = Release|Any CPU
	EndGlobalSection
	GlobalSection(SolutionProperties) = preSolution
		HideSolutionNode = FALSE
	EndGlobalSection
	GlobalSection(ExtensibilityGlobals) = postSolution
		SolutionGuid = {698AE4F5-AC6C-48FF-A270-4DD58372F9E6}
	EndGlobalSection
EndGlobal
